// !$*UTF8*$!
{
	archiveVersion = 1;
	classes = {
	};
	objectVersion = 77;
	objects = {

/* Begin PBXBuildFile section */
		1B040AFC2EAAFEE200B95661 /* KongUIKit in Frameworks */ = {isa = PBXBuildFile; productRef = 1B040AFB2EAAFEE200B95661 /* KongUIKit */; };
		1B454D122EDB48B10065F24F /* GoogleMobileAds in Frameworks */ = {isa = PBXBuildFile; productRef = 1B454D112EDB48B10065F24F /* GoogleMobileAds */; };
		1B454D222EDB4B930065F24F /* ActivityIndicatorView in Frameworks */ = {isa = PBXBuildFile; productRef = 1B454D212EDB4B930065F24F /* ActivityIndicatorView */; };
		1B6C77572EB2D68F0092A6B6 /* FirebaseAnalytics in Frameworks */ = {isa = PBXBuildFile; productRef = 1B6C77562EB2D68F0092A6B6 /* FirebaseAnalytics */; };
		1B6C77592EB2D68F0092A6B6 /* FirebaseAnalyticsCore in Frameworks */ = {isa = PBXBuildFile; productRef = 1B6C77582EB2D68F0092A6B6 /* FirebaseAnalyticsCore */; };
		1B6C775B2EB2D68F0092A6B6 /* FirebaseCore in Frameworks */ = {isa = PBXBuildFile; productRef = 1B6C775A2EB2D68F0092A6B6 /* FirebaseCore */; };
		1B6C775D2EB2D68F0092A6B6 /* FirebaseCrashlytics in Frameworks */ = {isa = PBXBuildFile; productRef = 1B6C775C2EB2D68F0092A6B6 /* FirebaseCrashlytics */; };
		1BBA1CCE2EB87FC500CE60F0 /* Lottie in Frameworks */ = {isa = PBXBuildFile; productRef = 1BBA1CCD2EB87FC500CE60F0 /* Lottie */; };
		1BD5E5872F1F5F6100DEA6F0 /* jkdsUtility in Frameworks */ = {isa = PBXBuildFile; productRef = 1BD5E5862F1F5F6100DEA6F0 /* jkdsUtility */; };
/* End PBXBuildFile section */

/* Begin PBXCopyFilesBuildPhase section */
		1B9834222EB1AB3B00E59ACC /* Embed Foundation Extensions */ = {
			isa = PBXCopyFilesBuildPhase;
			buildActionMask = 2147483647;
			dstPath = "";
			dstSubfolderSpec = 13;
			files = (
			);
			name = "Embed Foundation Extensions";
			runOnlyForDeploymentPostprocessing = 0;
		};
/* End PBXCopyFilesBuildPhase section */

/* Begin PBXFileReference section */
		1B1CE1EF2E5498FD00E3FB2F /* MyGifticon.app */ = {isa = PBXFileReference; explicitFileType = wrapper.application; includeInIndex = 0; path = MyGifticon.app; sourceTree = BUILT_PRODUCTS_DIR; };
/* End PBXFileReference section */

/* Begin PBXFileSystemSynchronizedBuildFileExceptionSet section */
		1B454D142EDB49690065F24F /* Exceptions for "MyGifticon" folder in "MyGifticon" target */ = {
			isa = PBXFileSystemSynchronizedBuildFileExceptionSet;
			membershipExceptions = (
				Info.plist,
			);
			target = 1B1CE1EE2E5498FD00E3FB2F /* MyGifticon */;
		};
/* End PBXFileSystemSynchronizedBuildFileExceptionSet section */

/* Begin PBXFileSystemSynchronizedRootGroup section */
		1B1CE1F12E5498FD00E3FB2F /* MyGifticon */ = {
			isa = PBXFileSystemSynchronizedRootGroup;
			exceptions = (
				1B454D142EDB49690065F24F /* Exceptions for "MyGifticon" folder in "MyGifticon" target */,
			);
			path = MyGifticon;
			sourceTree = "<group>";
		};
/* End PBXFileSystemSynchronizedRootGroup section */

/* Begin PBXFrameworksBuildPhase section */
		1B1CE1EC2E5498FD00E3FB2F /* Frameworks */ = {
			isa = PBXFrameworksBuildPhase;
			buildActionMask = 2147483647;
			files = (
				1B6C77572EB2D68F0092A6B6 /* FirebaseAnalytics in Frameworks */,
				1B6C77592EB2D68F0092A6B6 /* FirebaseAnalyticsCore in Frameworks */,
				1B454D222EDB4B930065F24F /* ActivityIndicatorView in Frameworks */,
				1B6C775D2EB2D68F0092A6B6 /* FirebaseCrashlytics in Frameworks */,
				1B6C775B2EB2D68F0092A6B6 /* FirebaseCore in Frameworks */,
				1B040AFC2EAAFEE200B95661 /* KongUIKit in Frameworks */,
				1BD5E5872F1F5F6100DEA6F0 /* jkdsUtility in Frameworks */,
				1BBA1CCE2EB87FC500CE60F0 /* Lottie in Frameworks */,
				1B454D122EDB48B10065F24F /* GoogleMobileAds in Frameworks */,
			);
			runOnlyForDeploymentPostprocessing = 0;
		};
/* End PBXFrameworksBuildPhase section */

/* Begin PBXGroup section */
		1B1CE1E62E5498FD00E3FB2F = {
			isa = PBXGroup;
			children = (
				1B1CE1F12E5498FD00E3FB2F /* MyGifticon */,
				1B1CE1F02E5498FD00E3FB2F /* Products */,
			);
			sourceTree = "<group>";
		};
		1B1CE1F02E5498FD00E3FB2F /* Products */ = {
			isa = PBXGroup;
			children = (
				1B1CE1EF2E5498FD00E3FB2F /* MyGifticon.app */,
			);
			name = Products;
			sourceTree = "<group>";
		};
/* End PBXGroup section */

/* Begin PBXNativeTarget section */
		1B1CE1EE2E5498FD00E3FB2F /* MyGifticon */ = {
			isa = PBXNativeTarget;
			buildConfigurationList = 1B1CE1FA2E5498FF00E3FB2F /* Build configuration list for PBXNativeTarget "MyGifticon" */;
			buildPhases = (
				1B1CE1EB2E5498FD00E3FB2F /* Sources */,
				1B1CE1EC2E5498FD00E3FB2F /* Frameworks */,
				1B1CE1ED2E5498FD00E3FB2F /* Resources */,
				1B9834222EB1AB3B00E59ACC /* Embed Foundation Extensions */,
				1B6C775E2EB2D7E30092A6B6 /* ShellScript */,
			);
			buildRules = (
			);
			dependencies = (
			);
			fileSystemSynchronizedGroups = (
				1B1CE1F12E5498FD00E3FB2F /* MyGifticon */,
			);
			name = MyGifticon;
			packageProductDependencies = (
				1B040AFB2EAAFEE200B95661 /* KongUIKit */,
				1B6C77562EB2D68F0092A6B6 /* FirebaseAnalytics */,
				1B6C77582EB2D68F0092A6B6 /* FirebaseAnalyticsCore */,
				1B6C775A2EB2D68F0092A6B6 /* FirebaseCore */,
				1B6C775C2EB2D68F0092A6B6 /* FirebaseCrashlytics */,
				1BBA1CCD2EB87FC500CE60F0 /* Lottie */,
				1B454D112EDB48B10065F24F /* GoogleMobileAds */,
				1B454D212EDB4B930065F24F /* ActivityIndicatorView */,
				1BD5E5862F1F5F6100DEA6F0 /* jkdsUtility */,
			);
			productName = MyGifticon;
			productReference = 1B1CE1EF2E5498FD00E3FB2F /* MyGifticon.app */;
			productType = "com.apple.product-type.application";
		};
/* End PBXNativeTarget section */

/* Begin PBXProject section */
		1B1CE1E72E5498FD00E3FB2F /* Project object */ = {
			isa = PBXProject;
			attributes = {
				BuildIndependentTargetsInParallel = 1;
				LastSwiftUpdateCheck = 2600;
				LastUpgradeCheck = 1640;
				TargetAttributes = {
					1B1CE1EE2E5498FD00E3FB2F = {
						CreatedOnToolsVersion = 16.4;
					};
				};
			};
			buildConfigurationList = 1B1CE1EA2E5498FD00E3FB2F /* Build configuration list for PBXProject "MyGifticon" */;
			developmentRegion = en;
			hasScannedForEncodings = 0;
			knownRegions = (
				en,
				Base,
				ko,
			);
			mainGroup = 1B1CE1E62E5498FD00E3FB2F;
			minimizedProjectReferenceProxies = 1;
			packageReferences = (
				1B040AFA2EAAFEE200B95661 /* XCRemoteSwiftPackageReference "KongUIKit" */,
				1B6C77552EB2D68F0092A6B6 /* XCRemoteSwiftPackageReference "firebase-ios-sdk" */,
				1BBA1CCC2EB87FC500CE60F0 /* XCRemoteSwiftPackageReference "lottie-spm" */,
				1B454D102EDB48B10065F24F /* XCRemoteSwiftPackageReference "swift-package-manager-google-mobile-ads" */,
				1B454D202EDB4B930065F24F /* XCRemoteSwiftPackageReference "ActivityIndicatorView" */,
				1BD5E5852F1F5F6100DEA6F0 /* XCRemoteSwiftPackageReference "jkdsUtility" */,
			);
			preferredProjectObjectVersion = 77;
			productRefGroup = 1B1CE1F02E5498FD00E3FB2F /* Products */;
			projectDirPath = "";
			projectRoot = "";
			targets = (
				1B1CE1EE2E5498FD00E3FB2F /* MyGifticon */,
			);
		};
/* End PBXProject section */

/* Begin PBXResourcesBuildPhase section */
		1B1CE1ED2E5498FD00E3FB2F /* Resources */ = {
			isa = PBXResourcesBuildPhase;
			buildActionMask = 2147483647;
			files = (
			);
			runOnlyForDeploymentPostprocessing = 0;
		};
/* End PBXResourcesBuildPhase section */

/* Begin PBXShellScriptBuildPhase section */
		1B6C775E2EB2D7E30092A6B6 /* ShellScript */ = {
			isa = PBXShellScriptBuildPhase;
			buildActionMask = 2147483647;
			files = (
			);
			inputFileListPaths = (
			);
			inputPaths = (
				"${DWARF_DSYM_FOLDER_PATH}/${DWARF_DSYM_FILE_NAME}",
				"${DWARF_DSYM_FOLDER_PATH}/${DWARF_DSYM_FILE_NAME}/Contents/Resources/DWARF/${PRODUCT_NAME}",
				"${DWARF_DSYM_FOLDER_PATH}/${DWARF_DSYM_FILE_NAME}/Contents/Info.plist",
				"$(TARGET_BUILD_DIR)/$(UNLOCALIZED_RESOURCES_FOLDER_PATH)/GoogleService-Info.plist",
				"$(TARGET_BUILD_DIR)/$(EXECUTABLE_PATH)",
				"${DWARF_DSYM_FOLDER_PATH}/${DWARF_DSYM_FILE_NAME}/Contents/Resources/DWARF/${PRODUCT_NAME}.debug.dylib",
			);
			outputFileListPaths = (
			);
			outputPaths = (
			);
			runOnlyForDeploymentPostprocessing = 0;
			shellPath = /bin/sh;
			shellScript = "# Type a script or drag a script file from your workspace to insert its path.\n\"${BUILD_DIR%/Build/*}/SourcePackages/checkouts/firebase-ios-sdk/Crashlytics/run\"\n";
		};
/* End PBXShellScriptBuildPhase section */

/* Begin PBXSourcesBuildPhase section */
		1B1CE1EB2E5498FD00E3FB2F /* Sources */ = {
			isa = PBXSourcesBuildPhase;
			buildActionMask = 2147483647;
			files = (
			);
			runOnlyForDeploymentPostprocessing = 0;
		};
/* End PBXSourcesBuildPhase section */

/* Begin XCBuildConfiguration section */
		1B1CE1F82E5498FF00E3FB2F /* Debug */ = {
			isa = XCBuildConfiguration;
			buildSettings = {
				ALWAYS_SEARCH_USER_PATHS = NO;
				ASSETCATALOG_COMPILER_GENERATE_SWIFT_ASSET_SYMBOL_EXTENSIONS = YES;
				CLANG_ANALYZER_NONNULL = YES;
				CLANG_ANALYZER_NUMBER_OBJECT_CONVERSION = YES_AGGRESSIVE;
				CLANG_CXX_LANGUAGE_STANDARD = "gnu++20";
				CLANG_ENABLE_MODULES = YES;
				CLANG_ENABLE_OBJC_ARC = YES;
				CLANG_ENABLE_OBJC_WEAK = YES;
				CLANG_WARN_BLOCK_CAPTURE_AUTORELEASING = YES;
				CLANG_WARN_BOOL_CONVERSION = YES;
				CLANG_WARN_COMMA = YES;
				CLANG_WARN_CONSTANT_CONVERSION = YES;
				CLANG_WARN_DEPRECATED_OBJC_IMPLEMENTATIONS = YES;
				CLANG_WARN_DIRECT_OBJC_ISA_USAGE = YES_ERROR;
				CLANG_WARN_DOCUMENTATION_COMMENTS = YES;
				CLANG_WARN_EMPTY_BODY = YES;
				CLANG_WARN_ENUM_CONVERSION = YES;
				CLANG_WARN_INFINITE_RECURSION = YES;
				CLANG_WARN_INT_CONVERSION = YES;
				CLANG_WARN_NON_LITERAL_NULL_CONVERSION = YES;
				CLANG_WARN_OBJC_IMPLICIT_RETAIN_SELF = YES;
				CLANG_WARN_OBJC_LITERAL_CONVERSION = YES;
				CLANG_WARN_OBJC_ROOT_CLASS = YES_ERROR;
				CLANG_WARN_QUOTED_INCLUDE_IN_FRAMEWORK_HEADER = YES;
				CLANG_WARN_RANGE_LOOP_ANALYSIS = YES;
				CLANG_WARN_STRICT_PROTOTYPES = YES;
				CLANG_WARN_SUSPICIOUS_MOVE = YES;
				CLANG_WARN_UNGUARDED_AVAILABILITY = YES_AGGRESSIVE;
				CLANG_WARN_UNREACHABLE_CODE = YES;
				CLANG_WARN__DUPLICATE_METHOD_MATCH = YES;
				COPY_PHASE_STRIP = NO;
				DEBUG_INFORMATION_FORMAT = dwarf;
				DEVELOPMENT_TEAM = QU9EPTU238;
				ENABLE_STRICT_OBJC_MSGSEND = YES;
				ENABLE_TESTABILITY = YES;
				ENABLE_USER_SCRIPT_SANDBOXING = YES;
				GCC_C_LANGUAGE_STANDARD = gnu17;
				GCC_DYNAMIC_NO_PIC = NO;
				GCC_NO_COMMON_BLOCKS = YES;
				GCC_OPTIMIZATION_LEVEL = 0;
				GCC_PREPROCESSOR_DEFINITIONS = (
					"DEBUG=1",
					"$(inherited)",
				);
				GCC_WARN_64_TO_32_BIT_CONVERSION = YES;
				GCC_WARN_ABOUT_RETURN_TYPE = YES_ERROR;
				GCC_WARN_UNDECLARED_SELECTOR = YES;
				GCC_WARN_UNINITIALIZED_AUTOS = YES_AGGRESSIVE;
				GCC_WARN_UNUSED_FUNCTION = YES;
				GCC_WARN_UNUSED_VARIABLE = YES;
				IPHONEOS_DEPLOYMENT_TARGET = 16.6;
				LOCALIZATION_PREFERS_STRING_CATALOGS = YES;
				MTL_ENABLE_DEBUG_INFO = INCLUDE_SOURCE;
				MTL_FAST_MATH = YES;
				ONLY_ACTIVE_ARCH = YES;
				SDKROOT = iphoneos;
				SWIFT_ACTIVE_COMPILATION_CONDITIONS = "DEBUG $(inherited)";
				SWIFT_EMIT_LOC_STRINGS = YES;
				SWIFT_OPTIMIZATION_LEVEL = "-Onone";
			};
			name = Debug;
		};
		1B1CE1F92E5498FF00E3FB2F /* Release */ = {
			isa = XCBuildConfiguration;
			buildSettings = {
				ALWAYS_SEARCH_USER_PATHS = NO;
				ASSETCATALOG_COMPILER_GENERATE_SWIFT_ASSET_SYMBOL_EXTENSIONS = YES;
				CLANG_ANALYZER_NONNULL = YES;
				CLANG_ANALYZER_NUMBER_OBJECT_CONVERSION = YES_AGGRESSIVE;
				CLANG_CXX_LANGUAGE_STANDARD = "gnu++20";
				CLANG_ENABLE_MODULES = YES;
				CLANG_ENABLE_OBJC_ARC = YES;
				CLANG_ENABLE_OBJC_WEAK = YES;
				CLANG_WARN_BLOCK_CAPTURE_AUTORELEASING = YES;
				CLANG_WARN_BOOL_CONVERSION = YES;
				CLANG_WARN_COMMA = YES;
				CLANG_WARN_CONSTANT_CONVERSION = YES;
				CLANG_WARN_DEPRECATED_OBJC_IMPLEMENTATIONS = YES;
				CLANG_WARN_DIRECT_OBJC_ISA_USAGE = YES_ERROR;
				CLANG_WARN_DOCUMENTATION_COMMENTS = YES;
				CLANG_WARN_EMPTY_BODY = YES;
				CLANG_WARN_ENUM_CONVERSION = YES;
				CLANG_WARN_INFINITE_RECURSION = YES;
				CLANG_WARN_INT_CONVERSION = YES;
				CLANG_WARN_NON_LITERAL_NULL_CONVERSION = YES;
				CLANG_WARN_OBJC_IMPLICIT_RETAIN_SELF = YES;
				CLANG_WARN_OBJC_LITERAL_CONVERSION = YES;
				CLANG_WARN_OBJC_ROOT_CLASS = YES_ERROR;
				CLANG_WARN_QUOTED_INCLUDE_IN_FRAMEWORK_HEADER = YES;
				CLANG_WARN_RANGE_LOOP_ANALYSIS = YES;
				CLANG_WARN_STRICT_PROTOTYPES = YES;
				CLANG_WARN_SUSPICIOUS_MOVE = YES;
				CLANG_WARN_UNGUARDED_AVAILABILITY = YES_AGGRESSIVE;
				CLANG_WARN_UNREACHABLE_CODE = YES;
				CLANG_WARN__DUPLICATE_METHOD_MATCH = YES;
				COPY_PHASE_STRIP = NO;
				DEBUG_INFORMATION_FORMAT = "dwarf-with-dsym";
				DEVELOPMENT_TEAM = QU9EPTU238;
				ENABLE_NS_ASSERTIONS = NO;
				ENABLE_STRICT_OBJC_MSGSEND = YES;
				ENABLE_USER_SCRIPT_SANDBOXING = YES;
				GCC_C_LANGUAGE_STANDARD = gnu17;
				GCC_NO_COMMON_BLOCKS = YES;
				GCC_WARN_64_TO_32_BIT_CONVERSION = YES;
				GCC_WARN_ABOUT_RETURN_TYPE = YES_ERROR;
				GCC_WARN_UNDECLARED_SELECTOR = YES;
				GCC_WARN_UNINITIALIZED_AUTOS = YES_AGGRESSIVE;
				GCC_WARN_UNUSED_FUNCTION = YES;
				GCC_WARN_UNUSED_VARIABLE = YES;
				IPHONEOS_DEPLOYMENT_TARGET = 16.6;
				LOCALIZATION_PREFERS_STRING_CATALOGS = YES;
				MTL_ENABLE_DEBUG_INFO = NO;
				MTL_FAST_MATH = YES;
				SDKROOT = iphoneos;
				SWIFT_COMPILATION_MODE = wholemodule;
				SWIFT_EMIT_LOC_STRINGS = YES;
				VALIDATE_PRODUCT = YES;
			};
			name = Release;
		};
		1B1CE1FB2E5498FF00E3FB2F /* Debug */ = {
			isa = XCBuildConfiguration;
			buildSettings = {
				ASSETCATALOG_COMPILER_APPICON_NAME = AppIcon;
				ASSETCATALOG_COMPILER_GLOBAL_ACCENT_COLOR_NAME = AccentColor;
				ASSETCATALOG_COMPILER_INCLUDE_ALL_APPICON_ASSETS = NO;
				CODE_SIGN_ENTITLEMENTS = MyGifticon/MyGifticon.entitlements;
				CODE_SIGN_STYLE = Automatic;
				CURRENT_PROJECT_VERSION = 1;
				DEBUG_INFORMATION_FORMAT = "dwarf-with-dsym";
				DEVELOPMENT_TEAM = QU9EPTU238;
				ENABLE_PREVIEWS = YES;
				GENERATE_INFOPLIST_FILE = YES;
				INFOPLIST_FILE = MyGifticon/Info.plist;
				INFOPLIST_KEY_ITSAppUsesNonExemptEncryption = NO;
				INFOPLIST_KEY_NSLocationWhenInUseUsageDescription = "When processing gift certificate use, location information is accessed to record location information.";
				INFOPLIST_KEY_NSUserTrackingUsageDescription = "This identifier will be used to deliver personalized ads to you.";
				INFOPLIST_KEY_UIApplicationSceneManifest_Generation = YES;
				INFOPLIST_KEY_UIApplicationSupportsIndirectInputEvents = YES;
				INFOPLIST_KEY_UILaunchScreen_Generation = YES;
				INFOPLIST_KEY_UILaunchStoryboardName = "Launch Screen.storyboard";
				INFOPLIST_KEY_UISupportedInterfaceOrientations_iPad = "UIInterfaceOrientationPortrait UIInterfaceOrientationPortraitUpsideDown UIInterfaceOrientationLandscapeLeft UIInterfaceOrientationLandscapeRight";
				INFOPLIST_KEY_UISupportedInterfaceOrientations_iPhone = "UIInterfaceOrientationPortrait UIInterfaceOrientationLandscapeLeft UIInterfaceOrientationLandscapeRight";
				IPHONEOS_DEPLOYMENT_TARGET = 17.6;
				LD_RUNPATH_SEARCH_PATHS = (
					"$(inherited)",
					"@executable_path/Frameworks",
				);
				MARKETING_VERSION = 1.1.1;
				PRODUCT_BUNDLE_IDENTIFIER = net.kongbaguni.mygifticon;
				PRODUCT_NAME = "$(TARGET_NAME)";
				SWIFT_EMIT_LOC_STRINGS = YES;
				SWIFT_VERSION = 5.0;
				TARGETED_DEVICE_FAMILY = "1,2";
			};
			name = Debug;
		};
		1B1CE1FC2E5498FF00E3FB2F /* Release */ = {
			isa = XCBuildConfiguration;
			buildSettings = {
				ASSETCATALOG_COMPILER_APPICON_NAME = AppIcon;
				ASSETCATALOG_COMPILER_GLOBAL_ACCENT_COLOR_NAME = AccentColor;
				ASSETCATALOG_COMPILER_INCLUDE_ALL_APPICON_ASSETS = NO;
				CODE_SIGN_ENTITLEMENTS = MyGifticon/MyGifticon.entitlements;
				CODE_SIGN_STYLE = Automatic;
				CURRENT_PROJECT_VERSION = 1;
				DEVELOPMENT_TEAM = QU9EPTU238;
				ENABLE_PREVIEWS = YES;
				GENERATE_INFOPLIST_FILE = YES;
				INFOPLIST_FILE = MyGifticon/Info.plist;
				INFOPLIST_KEY_ITSAppUsesNonExemptEncryption = NO;
				INFOPLIST_KEY_NSLocationWhenInUseUsageDescription = "When processing gift certificate use, location information is accessed to record location information.";
				INFOPLIST_KEY_NSUserTrackingUsageDescription = "This identifier will be used to deliver personalized ads to you.";
				INFOPLIST_KEY_UIApplicationSceneManifest_Generation = YES;
				INFOPLIST_KEY_UIApplicationSupportsIndirectInputEvents = YES;
				INFOPLIST_KEY_UILaunchScreen_Generation = YES;
				INFOPLIST_KEY_UILaunchStoryboardName = "Launch Screen.storyboard";
				INFOPLIST_KEY_UISupportedInterfaceOrientations_iPad = "UIInterfaceOrientationPortrait UIInterfaceOrientationPortraitUpsideDown UIInterfaceOrientationLandscapeLeft UIInterfaceOrientationLandscapeRight";
				INFOPLIST_KEY_UISupportedInterfaceOrientations_iPhone = "UIInterfaceOrientationPortrait UIInterfaceOrientationLandscapeLeft UIInterfaceOrientationLandscapeRight";
				IPHONEOS_DEPLOYMENT_TARGET = 17.6;
				LD_RUNPATH_SEARCH_PATHS = (
					"$(inherited)",
					"@executable_path/Frameworks",
				);
				MARKETING_VERSION = 1.1.1;
				PRODUCT_BUNDLE_IDENTIFIER = net.kongbaguni.mygifticon;
				PRODUCT_NAME = "$(TARGET_NAME)";
				SWIFT_EMIT_LOC_STRINGS = YES;
				SWIFT_VERSION = 5.0;
				TARGETED_DEVICE_FAMILY = "1,2";
			};
			name = Release;
		};
/* End XCBuildConfiguration section */

/* Begin XCConfigurationList section */
		1B1CE1EA2E5498FD00E3FB2F /* Build configuration list for PBXProject "MyGifticon" */ = {
			isa = XCConfigurationList;
			buildConfigurations = (
				1B1CE1F82E5498FF00E3FB2F /* Debug */,
				1B1CE1F92E5498FF00E3FB2F /* Release */,
			);
			defaultConfigurationIsVisible = 0;
			defaultConfigurationName = Release;
		};
		1B1CE1FA2E5498FF00E3FB2F /* Build configuration list for PBXNativeTarget "MyGifticon" */ = {
			isa = XCConfigurationList;
			buildConfigurations = (
				1B1CE1FB2E5498FF00E3FB2F /* Debug */,
				1B1CE1FC2E5498FF00E3FB2F /* Release */,
			);
			defaultConfigurationIsVisible = 0;
			defaultConfigurationName = Release;
		};
/* End XCConfigurationList section */

/* Begin XCRemoteSwiftPackageReference section */
		1B040AFA2EAAFEE200B95661 /* XCRemoteSwiftPackageReference "KongUIKit" */ = {
			isa = XCRemoteSwiftPackageReference;
			repositoryURL = "git@github.com:kongbaguni/KongUIKit.git";
			requirement = {
				branch = dev;
				kind = branch;
			};
		};
		1B454D102EDB48B10065F24F /* XCRemoteSwiftPackageReference "swift-package-manager-google-mobile-ads" */ = {
			isa = XCRemoteSwiftPackageReference;
			repositoryURL = "https://github.com/googleads/swift-package-manager-google-mobile-ads";
			requirement = {
				kind = upToNextMajorVersion;
				minimumVersion = 12.14.0;
			};
		};
		1B454D202EDB4B930065F24F /* XCRemoteSwiftPackageReference "ActivityIndicatorView" */ = {
			isa = XCRemoteSwiftPackageReference;
			repositoryURL = "https://github.com/exyte/ActivityIndicatorView.git";
			requirement = {
				kind = upToNextMajorVersion;
				minimumVersion = 1.2.1;
			};
		};
		1B6C77552EB2D68F0092A6B6 /* XCRemoteSwiftPackageReference "firebase-ios-sdk" */ = {
			isa = XCRemoteSwiftPackageReference;
			repositoryURL = "https://github.com/firebase/firebase-ios-sdk";
			requirement = {
				kind = upToNextMajorVersion;
				minimumVersion = 12.5.0;
			};
		};
		1BBA1CCC2EB87FC500CE60F0 /* XCRemoteSwiftPackageReference "lottie-spm" */ = {
			isa = XCRemoteSwiftPackageReference;
			repositoryURL = "https://github.com/airbnb/lottie-spm";
			requirement = {
				kind = upToNextMajorVersion;
				minimumVersion = 4.5.2;
			};
		};
		1BD5E5852F1F5F6100DEA6F0 /* XCRemoteSwiftPackageReference "jkdsUtility" */ = {
			isa = XCRemoteSwiftPackageReference;
			repositoryURL = "https://github.com/JKDataSystems/jkdsUtility";
			requirement = {
				branch = main;
				kind = branch;
			};
		};
/* End XCRemoteSwiftPackageReference section */

/* Begin XCSwiftPackageProductDependency section */
		1B040AFB2EAAFEE200B95661 /* KongUIKit */ = {
			isa = XCSwiftPackageProductDependency;
			package = 1B040AFA2EAAFEE200B95661 /* XCRemoteSwiftPackageReference "KongUIKit" */;
			productName = KongUIKit;
		};
		1B454D112EDB48B10065F24F /* GoogleMobileAds */ = {
			isa = XCSwiftPackageProductDependency;
			package = 1B454D102EDB48B10065F24F /* XCRemoteSwiftPackageReference "swift-package-manager-google-mobile-ads" */;
			productName = GoogleMobileAds;
		};
		1B454D212EDB4B930065F24F /* ActivityIndicatorView */ = {
			isa = XCSwiftPackageProductDependency;
			package = 1B454D202EDB4B930065F24F /* XCRemoteSwiftPackageReference "ActivityIndicatorView" */;
			productName = ActivityIndicatorView;
		};
		1B6C77562EB2D68F0092A6B6 /* FirebaseAnalytics */ = {
			isa = XCSwiftPackageProductDependency;
			package = 1B6C77552EB2D68F0092A6B6 /* XCRemoteSwiftPackageReference "firebase-ios-sdk" */;
			productName = FirebaseAnalytics;
		};
		1B6C77582EB2D68F0092A6B6 /* FirebaseAnalyticsCore */ = {
			isa = XCSwiftPackageProductDependency;
			package = 1B6C77552EB2D68F0092A6B6 /* XCRemoteSwiftPackageReference "firebase-ios-sdk" */;
			productName = FirebaseAnalyticsCore;
		};
		1B6C775A2EB2D68F0092A6B6 /* FirebaseCore */ = {
			isa = XCSwiftPackageProductDependency;
			package = 1B6C77552EB2D68F0092A6B6 /* XCRemoteSwiftPackageReference "firebase-ios-sdk" */;
			productName = FirebaseCore;
		};
		1B6C775C2EB2D68F0092A6B6 /* FirebaseCrashlytics */ = {
			isa = XCSwiftPackageProductDependency;
			package = 1B6C77552EB2D68F0092A6B6 /* XCRemoteSwiftPackageReference "firebase-ios-sdk" */;
			productName = FirebaseCrashlytics;
		};
		1BBA1CCD2EB87FC500CE60F0 /* Lottie */ = {
			isa = XCSwiftPackageProductDependency;
			package = 1BBA1CCC2EB87FC500CE60F0 /* XCRemoteSwiftPackageReference "lottie-spm" */;
			productName = Lottie;
		};
		1BD5E5862F1F5F6100DEA6F0 /* jkdsUtility */ = {
			isa = XCSwiftPackageProductDependency;
			package = 1BD5E5852F1F5F6100DEA6F0 /* XCRemoteSwiftPackageReference "jkdsUtility" */;
			productName = jkdsUtility;
		};
/* End XCSwiftPackageProductDependency section */
	};
	rootObject = 1B1CE1E72E5498FD00E3FB2F /* Project object */;
}
