{
  "originHash" : "2e23f64f8183c0233531e8421d699d161c991edb0110f4b15079f84c4d5bdc01",
  "pins" : [
    {
      "identity" : "konguikit",
      "kind" : "remoteSourceControl",
      "location" : "git@github.com:kongbaguni/KongUIKit.git",
      "state" : {
        "branch" : "dev",
        "revision" : "7c5646beb0bdb2a9b87819c2b4145b9a236a1d05"
      }
    }
  ],
  "version" : 3
}
