{
  "originHash" : "2e23f64f8183c0233531e8421d699d161c991edb0110f4b15079f84c4d5bdc01",
  "pins" : [
    {
      "identity" : "konguikit",
      "kind" : "remoteSourceControl",
      "location" : "git@github.com:kongbaguni/KongUIKit.git",
      "state" : {
        "branch" : "dev",
        "revision" : "d6943db3f0328fd3d8947fc451d2ad1e1541d03e"
      }
    }
  ],
  "version" : 3
}
