{
  "originHash" : "2e23f64f8183c0233531e8421d699d161c991edb0110f4b15079f84c4d5bdc01",
  "pins" : [
    {
      "identity" : "konguikit",
      "kind" : "remoteSourceControl",
      "location" : "git@github.com:kongbaguni/KongUIKit.git",
      "state" : {
        "branch" : "dev",
        "revision" : "5721f906c6315872b6f594e7dc1362b9ab58c0ec"
      }
    }
  ],
  "version" : 3
}
